
Microsoft Visual Studio Solution File, Format Version 12.00
# Visual Studio Version 17
VisualStudioVersion = 17.11.35312.102
MinimumVisualStudioVersion = 10.0.40219.1
Project("{FAE04EC0-301F-11D3-BF4B-00C04F79EFBC}") = "GetSet", "GetSet.csproj", "{58E4A355-5004-42A0-970A-90A4150FD6FA}"
EndProject
Global
	GlobalSection(SolutionConfigurationPlatforms) = preSolution
		Debug|Any CPU = Debug|Any CPU
		Release|Any CPU = Release|Any CPU
	EndGlobalSection
	GlobalSection(ProjectConfigurationPlatforms) = postSolution
		{58E4A355-5004-42A0-970A-90A4150FD6FA}.Debug|Any CPU.ActiveCfg = Debug|Any CPU
		{58E4A355-5004-42A0-970A-90A4150FD6FA}.Debug|Any CPU.Build.0 = Debug|Any CPU
		{58E4A355-5004-42A0-970A-90A4150FD6FA}.Release|Any CPU.ActiveCfg = Release|Any CPU
		{58E4A355-5004-42A0-970A-90A4150FD6FA}.Release|Any CPU.Build.0 = Release|Any CPU
	EndGlobalSection
	GlobalSection(SolutionProperties) = preSolution
		HideSolutionNode = FALSE
	EndGlobalSection
	GlobalSection(ExtensibilityGlobals) = postSolution
		SolutionGuid = {24B6BFCE-CC38-4B6D-9AD7-A38BED96FEAB}
	EndGlobalSection
EndGlobal
